
Microsoft Visual Studio Solution File, Format Version 12.00
# Visual Studio Version 17
VisualStudioVersion = 17.2.32616.157
MinimumVisualStudioVersion = 10.0.40219.1
Project("{9A19103F-16F7-4668-BE54-9A1E7A4F7556}") = "IEEE754Hex2Float", "IEEE754Hex2Float\IEEE754Hex2Float.csproj", "{F02AB995-F6F1-43B9-8E7A-027DD3F23201}"
EndProject
Global
	GlobalSection(SolutionConfigurationPlatforms) = preSolution
		Debug|Any CPU = Debug|Any CPU
		Release|Any CPU = Release|Any CPU
	EndGlobalSection
	GlobalSection(ProjectConfigurationPlatforms) = postSolution
		{F02AB995-F6F1-43B9-8E7A-027DD3F23201}.Debug|Any CPU.ActiveCfg = Debug|Any CPU
		{F02AB995-F6F1-43B9-8E7A-027DD3F23201}.Debug|Any CPU.Build.0 = Debug|Any CPU
		{F02AB995-F6F1-43B9-8E7A-027DD3F23201}.Release|Any CPU.ActiveCfg = Release|Any CPU
		{F02AB995-F6F1-43B9-8E7A-027DD3F23201}.Release|Any CPU.Build.0 = Release|Any CPU
	EndGlobalSection
	GlobalSection(SolutionProperties) = preSolution
		HideSolutionNode = FALSE
	EndGlobalSection
	GlobalSection(ExtensibilityGlobals) = postSolution
		SolutionGuid = {4F8D8DAA-1192-460F-AD20-4DB7228CD203}
	EndGlobalSection
EndGlobal
